
Microsoft Visual Studio Solution File, Format Version 12.00
# Visual Studio Version 17
VisualStudioVersion = 17.11.35208.52
MinimumVisualStudioVersion = 10.0.40219.1
Project("{FAE04EC0-301F-11D3-BF4B-00C04F79EFBC}") = "VehiPark1.1", "VehiPark1.1.csproj", "{737391AF-F8B2-4501-AB74-51CB99DE56D4}"
EndProject
Global
	GlobalSection(SolutionConfigurationPlatforms) = preSolution
		Debug|Any CPU = Debug|Any CPU
		Release|Any CPU = Release|Any CPU
	EndGlobalSection
	GlobalSection(ProjectConfigurationPlatforms) = postSolution
		{737391AF-F8B2-4501-AB74-51CB99DE56D4}.Debug|Any CPU.ActiveCfg = Debug|Any CPU
		{737391AF-F8B2-4501-AB74-51CB99DE56D4}.Debug|Any CPU.Build.0 = Debug|Any CPU
		{737391AF-F8B2-4501-AB74-51CB99DE56D4}.Release|Any CPU.ActiveCfg = Release|Any CPU
		{737391AF-F8B2-4501-AB74-51CB99DE56D4}.Release|Any CPU.Build.0 = Release|Any CPU
	EndGlobalSection
	GlobalSection(SolutionProperties) = preSolution
		HideSolutionNode = FALSE
	EndGlobalSection
	GlobalSection(ExtensibilityGlobals) = postSolution
		SolutionGuid = {1F754050-3501-4541-8FA1-DCED62FD4271}
	EndGlobalSection
EndGlobal
